PATH
  remote: .
  specs:
    ruby-xz (1.0.2)

GEM
  remote: https://rubygems.org/
  specs:
    minitar (0.9)
    minitest (5.14.4)
    rake (13.0.6)

PLATFORMS
  x86_64-darwin-19
  x86_64-linux

DEPENDENCIES
  minitar (~> 0.6)
  minitest (~> 5.14)
  rake (~> 13.0)
  ruby-xz!

BUNDLED WITH
   2.2.22
