PATH
  remote: .
  specs:
    ruby-xz (1.0.4.pre)

GEM
  remote: https://rubygems.org/
  specs:
    minitar (0.9)
    minitest (5.15.0)
    rake (13.0.6)

PLATFORMS
  x86_64-darwin-21
  x86_64-linux

DEPENDENCIES
  minitar (~> 0.6)
  minitest (~> 5.14)
  rake (~> 13.0)
  ruby-xz!

BUNDLED WITH
   2.3.7
